
Microsoft Visual Studio Solution File, Format Version 12.00
# Visual Studio 15
VisualStudioVersion = 15.0.27130.2010
MinimumVisualStudioVersion = 10.0.40219.1
Project("{2150E333-8FDC-42A3-9474-1A3956D46DE8}") = "solution items", "solution items", "{CCA550FA-833A-4F2E-9C81-78EE585A49CC}"
	ProjectSection(SolutionItems) = preProject
		Backlog.md = Backlog.md
		CONTRIBUTING.md = CONTRIBUTING.md
		DevDoD.md = DevDoD.md
		HowToAddANewAssertion.md = HowToAddANewAssertion.md
		LICENSE.txt = LICENSE.txt
		NFluent.snk = NFluent.snk
		ReadMe.md = ReadMe.md
		UseCases.md = UseCases.md
		Version.cs = Version.cs
	EndProjectSection
EndProject
Project("{2150E333-8FDC-42A3-9474-1A3956D46DE8}") = "tests", "tests", "{5BD348A4-E85B-4283-AA2A-01967F6F11C2}"
EndProject
Project("{2150E333-8FDC-42A3-9474-1A3956D46DE8}") = "src", "src", "{64EFC15A-C599-41B6-BD22-144F8468A439}"
EndProject
Project("{2150E333-8FDC-42A3-9474-1A3956D46DE8}") = "compatibility", "compatibility", "{E3F40977-9951-4FCE-AA2C-9D3D804D836C}"
EndProject
Project("{FAE04EC0-301F-11D3-BF4B-00C04F79EFBC}") = "NFluent.35.Tests.Extensions", "tests\NFluent.35.Tests.Extensions\NFluent.35.Tests.Extensions.csproj", "{AC520FDB-8125-46F3-85F3-D4962C53C136}"
EndProject
Project("{FAE04EC0-301F-11D3-BF4B-00C04F79EFBC}") = "NFluent.35", "src\NFluent.35\NFluent.35.csproj", "{3A474510-F384-41CE-9270-539B1E51DA7E}"
EndProject
Project("{FAE04EC0-301F-11D3-BF4B-00C04F79EFBC}") = "NFluent.40", "src\NFluent.40\NFluent.40.csproj", "{1E2D9D56-D0A4-4D2E-8F2B-F211000E1667}"
EndProject
Project("{FAE04EC0-301F-11D3-BF4B-00C04F79EFBC}") = "NFluent.40.Tests", "tests\NFluent.40.Tests\NFluent.40.Tests.csproj", "{BDAA4D22-45A1-470E-A142-70E1F194EE3F}"
EndProject
Project("{FAE04EC0-301F-11D3-BF4B-00C04F79EFBC}") = "NFluent.40.Tests.Extensions", "tests\NFluent.40.Tests.Extensions\NFluent.40.Tests.Extensions.csproj", "{1BAA72CB-3A46-4711-9A5B-F96CF20D465E}"
EndProject
Project("{FAE04EC0-301F-11D3-BF4B-00C04F79EFBC}") = "NFluent.35.Tests", "tests\NFluent.35.Tests\NFluent.35.Tests.csproj", "{6B88C45A-D45E-40FB-8635-D0E0EF0454E9}"
EndProject
Project("{FAE04EC0-301F-11D3-BF4B-00C04F79EFBC}") = "NFluent.40.Tests.Internals", "tests\NFluent.40.Tests.Internals\NFluent.40.Tests.Internals.csproj", "{A7C2F427-3D13-4C9B-8663-1CE1E0734608}"
EndProject
Project("{FAE04EC0-301F-11D3-BF4B-00C04F79EFBC}") = "NFluent.35.Tests.Internals", "tests\NFluent.35.Tests.Internals\NFluent.35.Tests.Internals.csproj", "{9E500148-4F6C-424A-AA09-801DB1749677}"
EndProject
Project("{FAE04EC0-301F-11D3-BF4B-00C04F79EFBC}") = "NuggetVersion", "tests\Nugget\NuggetVersion.csproj", "{50136517-047A-4081-AC30-878560F108DF}"
EndProject
Project("{9A19103F-16F7-4668-BE54-9A1E7A4F7556}") = "NFluent.Standard.13", "src\NFluent.Standard.13\NFluent.Standard.13.csproj", "{C9BE0166-0BF9-4964-8D46-4A2C89D2B02B}"
EndProject
Project("{9A19103F-16F7-4668-BE54-9A1E7A4F7556}") = "NFluent.Core.Tests.Extensions", "tests\NFluent.Core.Tests.Extensions\NFluent.Core.Tests.Extensions.csproj", "{0EFC64F1-018A-4BB2-93FF-07CA668CA818}"
EndProject
Project("{9A19103F-16F7-4668-BE54-9A1E7A4F7556}") = "NFluent.Core.Tests", "tests\NFluent.Core.Tests\NFluent.Core.Tests.csproj", "{269C2952-A589-4B42-83E6-B187E8B6A495}"
EndProject
Project("{9A19103F-16F7-4668-BE54-9A1E7A4F7556}") = "NFluent.Core.Tests.Internals", "tests\NFluent.Core.Tests.Internals\NFluent.Core.Tests.Internals.csproj", "{CE90E7CF-957D-4DF9-AE63-93CEA369B231}"
EndProject
Project("{2150E333-8FDC-42A3-9474-1A3956D46DE8}") = "platforms", "platforms", "{261B1CE2-51CF-4F30-B689-3E78C3916F3E}"
EndProject
Project("{D954291E-2A0B-460D-934E-DC6B0785DB48}") = "NFluent.Tests.Internals", "tests\NFluent.Tests.Internals\NFluent.Tests.Internals.shproj", "{AB38506B-6CD4-47ED-A085-A77E8A5BE26C}"
EndProject
Project("{D954291E-2A0B-460D-934E-DC6B0785DB48}") = "NFluent.Tests", "tests\NFluent.Tests\NFluent.Tests.shproj", "{0425A660-CA7D-43F6-93AB-F72C95D506E3}"
EndProject
Project("{D954291E-2A0B-460D-934E-DC6B0785DB48}") = "NFluent.Tests.Extensions", "tests\NFluent.Tests.Extensions\NFluent.Tests.Extensions.shproj", "{2B7F0E07-9B42-4BD2-8E30-F90FD78FAF1F}"
EndProject
Project("{D954291E-2A0B-460D-934E-DC6B0785DB48}") = "NFluent", "src\NFluent\NFluent.shproj", "{DBFA1137-B129-496A-9201-149F5178747E}"
EndProject
Project("{2150E333-8FDC-42A3-9474-1A3956D46DE8}") = "platforms", "platforms", "{6A12E9B8-849A-4421-AEB3-B768E78EDC8A}"
EndProject
Project("{FAE04EC0-301F-11D3-BF4B-00C04F79EFBC}") = "NFluent.30", "src\NFluent.30\NFluent.30.csproj", "{33ADF67E-963A-4950-966B-14A513C245A1}"
EndProject
Project("{FAE04EC0-301F-11D3-BF4B-00C04F79EFBC}") = "NFluent.30.Tests", "tests\NFluent.30.Tests\NFluent.30.Tests.csproj", "{A9EF7869-1CE8-49FB-94DF-57DD2A82A1E6}"
EndProject
Project("{FAE04EC0-301F-11D3-BF4B-00C04F79EFBC}") = "NFluent.20", "src\NFluent.20\NFluent.20.csproj", "{FA7F7527-23C3-43F6-A3D0-8DA4EC981FFD}"
EndProject
Project("{FAE04EC0-301F-11D3-BF4B-00C04F79EFBC}") = "NFluent.20.Tests", "tests\NFluent.20.Tests\NFluent.20.Tests.csproj", "{9601B939-8314-4BE8-9CDE-217E47A7259C}"
EndProject
Project("{FAE04EC0-301F-11D3-BF4B-00C04F79EFBC}") = "NFluent.45", "src\NFluent.45\NFluent.45.csproj", "{CF1D857F-658F-4E1F-8487-CD751F189E6A}"
EndProject
Project("{FAE04EC0-301F-11D3-BF4B-00C04F79EFBC}") = "NFluent.45.Tests", "tests\NFluent.45.Tests\NFluent.45.Tests.csproj", "{0014C223-A481-4B87-A480-3D4792A9B276}"
EndProject
Project("{FAE04EC0-301F-11D3-BF4B-00C04F79EFBC}") = "NFluent.45.Tests.Internals", "tests\NFluent.45.Tests.Internals\NFluent.45.Tests.Internals.csproj", "{95799318-9A09-46C8-AE53-2546F053EF40}"
EndProject
Project("{FAE04EC0-301F-11D3-BF4B-00C04F79EFBC}") = "NFluent.T4", "src\NFluent.T4\NFluent.T4.csproj", "{B6302A3A-55D6-41B7-BD2F-9C821228C98A}"
EndProject
Project("{D954291E-2A0B-460D-934E-DC6B0785DB48}") = "NFluent.Generated", "src\NFluent.Generated\NFluent.Generated.shproj", "{37FDAE31-560D-40B8-8FA7-7DEF8A53B370}"
EndProject
Project("{D954291E-2A0B-460D-934E-DC6B0785DB48}") = "NFluent.Tests.Generated", "tests\NFluent.Tests.Generated\NFluent.Tests.Generated.shproj", "{E298F1AF-A6A7-497C-9A2D-AC15584E1AC1}"
EndProject
Project("{FAE04EC0-301F-11D3-BF4B-00C04F79EFBC}") = "NFluent.45.Tests.Extensions", "tests\NFluent.45.Tests.Extensions\NFluent.45.Tests.Extensions.csproj", "{308A72A3-462B-4C4E-ABAE-9D9D49D251E7}"
EndProject
Project("{2150E333-8FDC-42A3-9474-1A3956D46DE8}") = "frameworks", "frameworks", "{16966B1C-3F81-4587-97B2-0B06C7F0F9E2}"
EndProject
Project("{FAE04EC0-301F-11D3-BF4B-00C04F79EFBC}") = "NFluent.Tests.MsTest", "tests\NFluent.Tests.MsTest\NFluent.Tests.MsTest.csproj", "{7A26BC7D-87D1-4279-BA30-2F4CF456D58A}"
EndProject
Project("{FAE04EC0-301F-11D3-BF4B-00C04F79EFBC}") = "NFluent.Tests.SelfHosted", "tests\NFluent.Tests.SelfHosted\NFluent.Tests.SelfHosted.csproj", "{E8773FD5-293B-42EC-A394-9D0C78DB3416}"
EndProject
Project("{D954291E-2A0B-460D-934E-DC6B0785DB48}") = "NFluent.Tests.Meta", "tests\NFluent.Tests.Meta\NFluent.Tests.Meta.shproj", "{61D00587-A426-41DE-970B-8CDF5C7A0E67}"
EndProject
Project("{FAE04EC0-301F-11D3-BF4B-00C04F79EFBC}") = "NFluent.45.Tests.Meta", "tests\NFluent.45.Tests.Meta\NFluent.45.Tests.Meta.csproj", "{C2EEC8DD-F390-4ECB-A169-25930896E1C1}"
EndProject
Project("{9A19103F-16F7-4668-BE54-9A1E7A4F7556}") = "NFluent.Standard.20", "src\NFluent.Standard.20\NFluent.Standard.20.csproj", "{C90111A0-3AB2-40ED-B665-C0DDB8DEB26E}"
EndProject
Project("{FAE04EC0-301F-11D3-BF4B-00C04F79EFBC}") = "NFluent.Tests.xUnit", "tests\NFluent.Tests.xUnit\NFluent.Tests.xUnit.csproj", "{C9DBF0DB-FC05-4687-8A92-A6C1AA12BF9C}"
EndProject
Project("{9A19103F-16F7-4668-BE54-9A1E7A4F7556}") = "NFluent.Tests.Fuzzing", "tests\NFluent.Tests.Fuzzing\NFluent.Tests.Fuzzing.csproj", "{F20CA3F3-263E-4FEF-B1E0-40797999B050}"
EndProject
Project("{9A19103F-16F7-4668-BE54-9A1E7A4F7556}") = "NFluent.NetStandard.20.Tests", "tests\NFluent.NetStandard.20.Tests\NFluent.NetStandard.20.Tests.csproj", "{FE288842-65F6-47DC-952A-413077247511}"
EndProject
Project("{9A19103F-16F7-4668-BE54-9A1E7A4F7556}") = "NFluent.NetStandard.20.Tests.Extensions", "tests\NFluent.NetStandard.20.Tests.Extensions\NFluent.NetStandard.20.Tests.Extensions.csproj", "{6954E791-41C2-4D1F-B6E6-BA77C2784311}"
EndProject
Project("{9A19103F-16F7-4668-BE54-9A1E7A4F7556}") = "NFluent.Tests.Core.xUnit", "tests\NFluent.Tests.Core.xUnit\NFluent.Tests.Core.xUnit.csproj", "{68BEC16B-E721-42AC-968D-D285BDBEF262}"
EndProject
Project("{9A19103F-16F7-4668-BE54-9A1E7A4F7556}") = "NFluent.NetStandard.20.Tests.Internals", "tests\NFluent.NetStandard.20.Tests.Internals\NFluent.NetStandard.20.Tests.Internals.csproj", "{8F0252A6-1BB6-4BF6-A852-33EAFB6852CA}"
EndProject
Project("{2150E333-8FDC-42A3-9474-1A3956D46DE8}") = "docs", "docs", "{DEE62612-3A5D-4D3F-9DDD-84B869E9184F}"
	ProjectSection(SolutionItems) = preProject
		Backlog.md = Backlog.md
		CONTRIBUTING.md = CONTRIBUTING.md
		ReleaseNoteContentToBeInsertedWithinNuspecFile.md = ReleaseNoteContentToBeInsertedWithinNuspecFile.md
	EndProjectSection
EndProject
Project("{2150E333-8FDC-42A3-9474-1A3956D46DE8}") = "continuous integration", "continuous integration", "{30A45412-002D-4E07-BDA7-945315A661BC}"
	ProjectSection(SolutionItems) = preProject
		appveyor.yml = appveyor.yml
		build.cmd = build.cmd
		.build\Build.proj = .build\Build.proj
		.build\buildlogic.targets = .build\buildlogic.targets
		CI.cmd = CI.cmd
		MutationTests.cmd = MutationTests.cmd
		NFluent.nuspec = NFluent.nuspec
	EndProjectSection
EndProject
Project("{2150E333-8FDC-42A3-9474-1A3956D46DE8}") = "configuration", "configuration", "{318572FA-149A-4CE7-9DCE-78B63FBB2716}"
	ProjectSection(SolutionItems) = preProject
		.gitattributes = .gitattributes
		.gitignore = .gitignore
		.mailmap = .mailmap
		Settings.StyleCop = Settings.StyleCop
	EndProjectSection
EndProject
Global
	GlobalSection(SharedMSBuildProjectFiles) = preSolution
		tests\NFluent.Tests.Generated\NFluent.Tests.Generated.projitems*{0014c223-a481-4b87-a480-3d4792a9b276}*SharedItemsImports = 4
		tests\NFluent.Tests\NFluent.Tests.projitems*{0014c223-a481-4b87-a480-3d4792a9b276}*SharedItemsImports = 4
		tests\NFluent.Tests\NFluent.Tests.projitems*{0425a660-ca7d-43f6-93ab-f72c95d506e3}*SharedItemsImports = 13
		tests\NFluent.Tests.Extensions\NFluent.Tests.Extensions.projitems*{1baa72cb-3a46-4711-9a5b-f96cf20d465e}*SharedItemsImports = 4
		src\NFluent.Generated\NFluent.Generated.projitems*{1e2d9d56-d0a4-4d2e-8f2b-f211000e1667}*SharedItemsImports = 4
		src\NFluent\NFluent.projitems*{1e2d9d56-d0a4-4d2e-8f2b-f211000e1667}*SharedItemsImports = 4
		tests\NFluent.Tests.Extensions\NFluent.Tests.Extensions.projitems*{2b7f0e07-9b42-4bd2-8e30-f90fd78faf1f}*SharedItemsImports = 13
		src\NFluent.Generated\NFluent.Generated.projitems*{33adf67e-963a-4950-966b-14a513c245a1}*SharedItemsImports = 4
		src\NFluent\NFluent.projitems*{33adf67e-963a-4950-966b-14a513c245a1}*SharedItemsImports = 4
		src\NFluent.Generated\NFluent.Generated.projitems*{37fdae31-560d-40b8-8fa7-7def8a53b370}*SharedItemsImports = 13
		src\NFluent.Generated\NFluent.Generated.projitems*{3a474510-f384-41ce-9270-539b1e51da7e}*SharedItemsImports = 4
		src\NFluent\NFluent.projitems*{3a474510-f384-41ce-9270-539b1e51da7e}*SharedItemsImports = 4
		tests\NFluent.Tests.Meta\NFluent.Tests.Meta.projitems*{61d00587-a426-41de-970b-8cdf5c7a0e67}*SharedItemsImports = 13
		tests\NFluent.Tests.Generated\NFluent.Tests.Generated.projitems*{6b88c45a-d45e-40fb-8635-d0e0ef0454e9}*SharedItemsImports = 4
		tests\NFluent.Tests\NFluent.Tests.projitems*{6b88c45a-d45e-40fb-8635-d0e0ef0454e9}*SharedItemsImports = 4
		tests\NFluent.Tests.Generated\NFluent.Tests.Generated.projitems*{9601b939-8314-4be8-9cde-217e47a7259c}*SharedItemsImports = 4
		tests\NFluent.Tests\NFluent.Tests.projitems*{9601b939-8314-4be8-9cde-217e47a7259c}*SharedItemsImports = 4
		tests\NFluent.Tests.Internals\NFluent.Tests.Internals.projitems*{9e500148-4f6c-424a-aa09-801db1749677}*SharedItemsImports = 4
		tests\NFluent.Tests.Internals\NFluent.Tests.Internals.projitems*{a7c2f427-3d13-4c9b-8663-1ce1e0734608}*SharedItemsImports = 4
		tests\NFluent.Tests.Generated\NFluent.Tests.Generated.projitems*{a9ef7869-1ce8-49fb-94df-57dd2a82a1e6}*SharedItemsImports = 4
		tests\NFluent.Tests\NFluent.Tests.projitems*{a9ef7869-1ce8-49fb-94df-57dd2a82a1e6}*SharedItemsImports = 4
		tests\NFluent.Tests.Internals\NFluent.Tests.Internals.projitems*{ab38506b-6cd4-47ed-a085-a77e8a5be26c}*SharedItemsImports = 13
		tests\NFluent.Tests.Extensions\NFluent.Tests.Extensions.projitems*{ac520fdb-8125-46f3-85f3-d4962c53c136}*SharedItemsImports = 4
		tests\NFluent.Tests.Generated\NFluent.Tests.Generated.projitems*{bdaa4d22-45a1-470e-a142-70e1f194ee3f}*SharedItemsImports = 4
		tests\NFluent.Tests\NFluent.Tests.projitems*{bdaa4d22-45a1-470e-a142-70e1f194ee3f}*SharedItemsImports = 4
		src\NFluent.Generated\NFluent.Generated.projitems*{cf1d857f-658f-4e1f-8487-cd751f189e6a}*SharedItemsImports = 4
		src\NFluent\NFluent.projitems*{cf1d857f-658f-4e1f-8487-cd751f189e6a}*SharedItemsImports = 4
		src\NFluent\NFluent.projitems*{dbfa1137-b129-496a-9201-149f5178747e}*SharedItemsImports = 13
		tests\NFluent.Tests.Generated\NFluent.Tests.Generated.projitems*{e298f1af-a6a7-497c-9a2d-ac15584e1ac1}*SharedItemsImports = 13
		src\NFluent.Generated\NFluent.Generated.projitems*{fa7f7527-23c3-43f6-a3d0-8da4ec981ffd}*SharedItemsImports = 4
		src\NFluent\NFluent.projitems*{fa7f7527-23c3-43f6-a3d0-8da4ec981ffd}*SharedItemsImports = 4
	EndGlobalSection
	GlobalSection(SolutionConfigurationPlatforms) = preSolution
		Debug|Any CPU = Debug|Any CPU
		Release|Any CPU = Release|Any CPU
		Description = NFluent project, including tests
	EndGlobalSection
	GlobalSection(ProjectConfigurationPlatforms) = postSolution
		{AC520FDB-8125-46F3-85F3-D4962C53C136}.Debug|Any CPU.ActiveCfg = Debug|Any CPU
		{AC520FDB-8125-46F3-85F3-D4962C53C136}.Debug|Any CPU.Build.0 = Debug|Any CPU
		{AC520FDB-8125-46F3-85F3-D4962C53C136}.Release|Any CPU.ActiveCfg = Release|Any CPU
		{AC520FDB-8125-46F3-85F3-D4962C53C136}.Release|Any CPU.Build.0 = Release|Any CPU
		{3A474510-F384-41CE-9270-539B1E51DA7E}.Debug|Any CPU.ActiveCfg = Debug|Any CPU
		{3A474510-F384-41CE-9270-539B1E51DA7E}.Debug|Any CPU.Build.0 = Debug|Any CPU
		{3A474510-F384-41CE-9270-539B1E51DA7E}.Release|Any CPU.ActiveCfg = Release|Any CPU
		{3A474510-F384-41CE-9270-539B1E51DA7E}.Release|Any CPU.Build.0 = Release|Any CPU
		{1E2D9D56-D0A4-4D2E-8F2B-F211000E1667}.Debug|Any CPU.ActiveCfg = Debug|Any CPU
		{1E2D9D56-D0A4-4D2E-8F2B-F211000E1667}.Debug|Any CPU.Build.0 = Debug|Any CPU
		{1E2D9D56-D0A4-4D2E-8F2B-F211000E1667}.Release|Any CPU.ActiveCfg = Release|Any CPU
		{1E2D9D56-D0A4-4D2E-8F2B-F211000E1667}.Release|Any CPU.Build.0 = Release|Any CPU
		{BDAA4D22-45A1-470E-A142-70E1F194EE3F}.Debug|Any CPU.ActiveCfg = Debug|Any CPU
		{BDAA4D22-45A1-470E-A142-70E1F194EE3F}.Debug|Any CPU.Build.0 = Debug|Any CPU
		{BDAA4D22-45A1-470E-A142-70E1F194EE3F}.Release|Any CPU.ActiveCfg = Release|Any CPU
		{BDAA4D22-45A1-470E-A142-70E1F194EE3F}.Release|Any CPU.Build.0 = Release|Any CPU
		{1BAA72CB-3A46-4711-9A5B-F96CF20D465E}.Debug|Any CPU.ActiveCfg = Debug|Any CPU
		{1BAA72CB-3A46-4711-9A5B-F96CF20D465E}.Debug|Any CPU.Build.0 = Debug|Any CPU
		{1BAA72CB-3A46-4711-9A5B-F96CF20D465E}.Release|Any CPU.ActiveCfg = Release|Any CPU
		{1BAA72CB-3A46-4711-9A5B-F96CF20D465E}.Release|Any CPU.Build.0 = Release|Any CPU
		{6B88C45A-D45E-40FB-8635-D0E0EF0454E9}.Debug|Any CPU.ActiveCfg = Debug|Any CPU
		{6B88C45A-D45E-40FB-8635-D0E0EF0454E9}.Debug|Any CPU.Build.0 = Debug|Any CPU
		{6B88C45A-D45E-40FB-8635-D0E0EF0454E9}.Release|Any CPU.ActiveCfg = Release|Any CPU
		{6B88C45A-D45E-40FB-8635-D0E0EF0454E9}.Release|Any CPU.Build.0 = Release|Any CPU
		{A7C2F427-3D13-4C9B-8663-1CE1E0734608}.Debug|Any CPU.ActiveCfg = Debug|Any CPU
		{A7C2F427-3D13-4C9B-8663-1CE1E0734608}.Debug|Any CPU.Build.0 = Debug|Any CPU
		{A7C2F427-3D13-4C9B-8663-1CE1E0734608}.Release|Any CPU.ActiveCfg = Release|Any CPU
		{A7C2F427-3D13-4C9B-8663-1CE1E0734608}.Release|Any CPU.Build.0 = Release|Any CPU
		{9E500148-4F6C-424A-AA09-801DB1749677}.Debug|Any CPU.ActiveCfg = Debug|Any CPU
		{9E500148-4F6C-424A-AA09-801DB1749677}.Debug|Any CPU.Build.0 = Debug|Any CPU
		{9E500148-4F6C-424A-AA09-801DB1749677}.Release|Any CPU.ActiveCfg = Release|Any CPU
		{9E500148-4F6C-424A-AA09-801DB1749677}.Release|Any CPU.Build.0 = Release|Any CPU
		{50136517-047A-4081-AC30-878560F108DF}.Debug|Any CPU.ActiveCfg = Debug|Any CPU
		{50136517-047A-4081-AC30-878560F108DF}.Debug|Any CPU.Build.0 = Debug|Any CPU
		{50136517-047A-4081-AC30-878560F108DF}.Release|Any CPU.ActiveCfg = Release|Any CPU
		{50136517-047A-4081-AC30-878560F108DF}.Release|Any CPU.Build.0 = Release|Any CPU
		{C9BE0166-0BF9-4964-8D46-4A2C89D2B02B}.Debug|Any CPU.ActiveCfg = Debug|Any CPU
		{C9BE0166-0BF9-4964-8D46-4A2C89D2B02B}.Debug|Any CPU.Build.0 = Debug|Any CPU
		{C9BE0166-0BF9-4964-8D46-4A2C89D2B02B}.Release|Any CPU.ActiveCfg = Release|Any CPU
		{C9BE0166-0BF9-4964-8D46-4A2C89D2B02B}.Release|Any CPU.Build.0 = Release|Any CPU
		{0EFC64F1-018A-4BB2-93FF-07CA668CA818}.Debug|Any CPU.ActiveCfg = Debug|Any CPU
		{0EFC64F1-018A-4BB2-93FF-07CA668CA818}.Debug|Any CPU.Build.0 = Debug|Any CPU
		{0EFC64F1-018A-4BB2-93FF-07CA668CA818}.Release|Any CPU.ActiveCfg = Release|Any CPU
		{0EFC64F1-018A-4BB2-93FF-07CA668CA818}.Release|Any CPU.Build.0 = Release|Any CPU
		{269C2952-A589-4B42-83E6-B187E8B6A495}.Debug|Any CPU.ActiveCfg = Debug|Any CPU
		{269C2952-A589-4B42-83E6-B187E8B6A495}.Debug|Any CPU.Build.0 = Debug|Any CPU
		{269C2952-A589-4B42-83E6-B187E8B6A495}.Release|Any CPU.ActiveCfg = Release|Any CPU
		{269C2952-A589-4B42-83E6-B187E8B6A495}.Release|Any CPU.Build.0 = Release|Any CPU
		{CE90E7CF-957D-4DF9-AE63-93CEA369B231}.Debug|Any CPU.ActiveCfg = Debug|Any CPU
		{CE90E7CF-957D-4DF9-AE63-93CEA369B231}.Debug|Any CPU.Build.0 = Debug|Any CPU
		{CE90E7CF-957D-4DF9-AE63-93CEA369B231}.Release|Any CPU.ActiveCfg = Release|Any CPU
		{CE90E7CF-957D-4DF9-AE63-93CEA369B231}.Release|Any CPU.Build.0 = Release|Any CPU
		{33ADF67E-963A-4950-966B-14A513C245A1}.Debug|Any CPU.ActiveCfg = Debug|Any CPU
		{33ADF67E-963A-4950-966B-14A513C245A1}.Debug|Any CPU.Build.0 = Debug|Any CPU
		{33ADF67E-963A-4950-966B-14A513C245A1}.Release|Any CPU.ActiveCfg = Release|Any CPU
		{33ADF67E-963A-4950-966B-14A513C245A1}.Release|Any CPU.Build.0 = Release|Any CPU
		{A9EF7869-1CE8-49FB-94DF-57DD2A82A1E6}.Debug|Any CPU.ActiveCfg = Debug|Any CPU
		{A9EF7869-1CE8-49FB-94DF-57DD2A82A1E6}.Debug|Any CPU.Build.0 = Debug|Any CPU
		{A9EF7869-1CE8-49FB-94DF-57DD2A82A1E6}.Release|Any CPU.ActiveCfg = Release|Any CPU
		{A9EF7869-1CE8-49FB-94DF-57DD2A82A1E6}.Release|Any CPU.Build.0 = Release|Any CPU
		{FA7F7527-23C3-43F6-A3D0-8DA4EC981FFD}.Debug|Any CPU.ActiveCfg = Debug|Any CPU
		{FA7F7527-23C3-43F6-A3D0-8DA4EC981FFD}.Debug|Any CPU.Build.0 = Debug|Any CPU
		{FA7F7527-23C3-43F6-A3D0-8DA4EC981FFD}.Release|Any CPU.ActiveCfg = Release|Any CPU
		{FA7F7527-23C3-43F6-A3D0-8DA4EC981FFD}.Release|Any CPU.Build.0 = Release|Any CPU
		{9601B939-8314-4BE8-9CDE-217E47A7259C}.Debug|Any CPU.ActiveCfg = Debug|Any CPU
		{9601B939-8314-4BE8-9CDE-217E47A7259C}.Debug|Any CPU.Build.0 = Debug|Any CPU
		{9601B939-8314-4BE8-9CDE-217E47A7259C}.Release|Any CPU.ActiveCfg = Release|Any CPU
		{9601B939-8314-4BE8-9CDE-217E47A7259C}.Release|Any CPU.Build.0 = Release|Any CPU
		{CF1D857F-658F-4E1F-8487-CD751F189E6A}.Debug|Any CPU.ActiveCfg = Debug|Any CPU
		{CF1D857F-658F-4E1F-8487-CD751F189E6A}.Debug|Any CPU.Build.0 = Debug|Any CPU
		{CF1D857F-658F-4E1F-8487-CD751F189E6A}.Release|Any CPU.ActiveCfg = Release|Any CPU
		{CF1D857F-658F-4E1F-8487-CD751F189E6A}.Release|Any CPU.Build.0 = Release|Any CPU
		{0014C223-A481-4B87-A480-3D4792A9B276}.Debug|Any CPU.ActiveCfg = Debug|Any CPU
		{0014C223-A481-4B87-A480-3D4792A9B276}.Debug|Any CPU.Build.0 = Debug|Any CPU
		{0014C223-A481-4B87-A480-3D4792A9B276}.Release|Any CPU.ActiveCfg = Release|Any CPU
		{0014C223-A481-4B87-A480-3D4792A9B276}.Release|Any CPU.Build.0 = Release|Any CPU
		{95799318-9A09-46C8-AE53-2546F053EF40}.Debug|Any CPU.ActiveCfg = Debug|Any CPU
		{95799318-9A09-46C8-AE53-2546F053EF40}.Debug|Any CPU.Build.0 = Debug|Any CPU
		{95799318-9A09-46C8-AE53-2546F053EF40}.Release|Any CPU.ActiveCfg = Release|Any CPU
		{95799318-9A09-46C8-AE53-2546F053EF40}.Release|Any CPU.Build.0 = Release|Any CPU
		{B6302A3A-55D6-41B7-BD2F-9C821228C98A}.Debug|Any CPU.ActiveCfg = Debug|Any CPU
		{B6302A3A-55D6-41B7-BD2F-9C821228C98A}.Debug|Any CPU.Build.0 = Debug|Any CPU
		{B6302A3A-55D6-41B7-BD2F-9C821228C98A}.Release|Any CPU.ActiveCfg = Release|Any CPU
		{B6302A3A-55D6-41B7-BD2F-9C821228C98A}.Release|Any CPU.Build.0 = Release|Any CPU
		{308A72A3-462B-4C4E-ABAE-9D9D49D251E7}.Debug|Any CPU.ActiveCfg = Debug|Any CPU
		{308A72A3-462B-4C4E-ABAE-9D9D49D251E7}.Debug|Any CPU.Build.0 = Debug|Any CPU
		{308A72A3-462B-4C4E-ABAE-9D9D49D251E7}.Release|Any CPU.ActiveCfg = Release|Any CPU
		{308A72A3-462B-4C4E-ABAE-9D9D49D251E7}.Release|Any CPU.Build.0 = Release|Any CPU
		{7A26BC7D-87D1-4279-BA30-2F4CF456D58A}.Debug|Any CPU.ActiveCfg = Debug|Any CPU
		{7A26BC7D-87D1-4279-BA30-2F4CF456D58A}.Debug|Any CPU.Build.0 = Debug|Any CPU
		{7A26BC7D-87D1-4279-BA30-2F4CF456D58A}.Release|Any CPU.ActiveCfg = Release|Any CPU
		{7A26BC7D-87D1-4279-BA30-2F4CF456D58A}.Release|Any CPU.Build.0 = Release|Any CPU
		{E8773FD5-293B-42EC-A394-9D0C78DB3416}.Debug|Any CPU.ActiveCfg = Debug|Any CPU
		{E8773FD5-293B-42EC-A394-9D0C78DB3416}.Debug|Any CPU.Build.0 = Debug|Any CPU
		{E8773FD5-293B-42EC-A394-9D0C78DB3416}.Release|Any CPU.ActiveCfg = Release|Any CPU
		{E8773FD5-293B-42EC-A394-9D0C78DB3416}.Release|Any CPU.Build.0 = Release|Any CPU
		{C2EEC8DD-F390-4ECB-A169-25930896E1C1}.Debug|Any CPU.ActiveCfg = Debug|Any CPU
		{C2EEC8DD-F390-4ECB-A169-25930896E1C1}.Debug|Any CPU.Build.0 = Debug|Any CPU
		{C2EEC8DD-F390-4ECB-A169-25930896E1C1}.Release|Any CPU.ActiveCfg = Release|Any CPU
		{C2EEC8DD-F390-4ECB-A169-25930896E1C1}.Release|Any CPU.Build.0 = Release|Any CPU
		{C90111A0-3AB2-40ED-B665-C0DDB8DEB26E}.Debug|Any CPU.ActiveCfg = Debug|Any CPU
		{C90111A0-3AB2-40ED-B665-C0DDB8DEB26E}.Debug|Any CPU.Build.0 = Debug|Any CPU
		{C90111A0-3AB2-40ED-B665-C0DDB8DEB26E}.Release|Any CPU.ActiveCfg = Release|Any CPU
		{C90111A0-3AB2-40ED-B665-C0DDB8DEB26E}.Release|Any CPU.Build.0 = Release|Any CPU
		{C9DBF0DB-FC05-4687-8A92-A6C1AA12BF9C}.Debug|Any CPU.ActiveCfg = Debug|Any CPU
		{C9DBF0DB-FC05-4687-8A92-A6C1AA12BF9C}.Debug|Any CPU.Build.0 = Debug|Any CPU
		{C9DBF0DB-FC05-4687-8A92-A6C1AA12BF9C}.Release|Any CPU.ActiveCfg = Release|Any CPU
		{C9DBF0DB-FC05-4687-8A92-A6C1AA12BF9C}.Release|Any CPU.Build.0 = Release|Any CPU
		{F20CA3F3-263E-4FEF-B1E0-40797999B050}.Debug|Any CPU.ActiveCfg = Debug|Any CPU
		{F20CA3F3-263E-4FEF-B1E0-40797999B050}.Debug|Any CPU.Build.0 = Debug|Any CPU
		{F20CA3F3-263E-4FEF-B1E0-40797999B050}.Release|Any CPU.ActiveCfg = Release|Any CPU
		{F20CA3F3-263E-4FEF-B1E0-40797999B050}.Release|Any CPU.Build.0 = Release|Any CPU
		{FE288842-65F6-47DC-952A-413077247511}.Debug|Any CPU.ActiveCfg = Debug|Any CPU
		{FE288842-65F6-47DC-952A-413077247511}.Debug|Any CPU.Build.0 = Debug|Any CPU
		{FE288842-65F6-47DC-952A-413077247511}.Release|Any CPU.ActiveCfg = Release|Any CPU
		{FE288842-65F6-47DC-952A-413077247511}.Release|Any CPU.Build.0 = Release|Any CPU
		{6954E791-41C2-4D1F-B6E6-BA77C2784311}.Debug|Any CPU.ActiveCfg = Debug|Any CPU
		{6954E791-41C2-4D1F-B6E6-BA77C2784311}.Debug|Any CPU.Build.0 = Debug|Any CPU
		{6954E791-41C2-4D1F-B6E6-BA77C2784311}.Release|Any CPU.ActiveCfg = Release|Any CPU
		{6954E791-41C2-4D1F-B6E6-BA77C2784311}.Release|Any CPU.Build.0 = Release|Any CPU
		{68BEC16B-E721-42AC-968D-D285BDBEF262}.Debug|Any CPU.ActiveCfg = Debug|Any CPU
		{68BEC16B-E721-42AC-968D-D285BDBEF262}.Debug|Any CPU.Build.0 = Debug|Any CPU
		{68BEC16B-E721-42AC-968D-D285BDBEF262}.Release|Any CPU.ActiveCfg = Release|Any CPU
		{68BEC16B-E721-42AC-968D-D285BDBEF262}.Release|Any CPU.Build.0 = Release|Any CPU
		{8F0252A6-1BB6-4BF6-A852-33EAFB6852CA}.Debug|Any CPU.ActiveCfg = Debug|Any CPU
		{8F0252A6-1BB6-4BF6-A852-33EAFB6852CA}.Debug|Any CPU.Build.0 = Debug|Any CPU
		{8F0252A6-1BB6-4BF6-A852-33EAFB6852CA}.Release|Any CPU.ActiveCfg = Release|Any CPU
		{8F0252A6-1BB6-4BF6-A852-33EAFB6852CA}.Release|Any CPU.Build.0 = Release|Any CPU
	EndGlobalSection
	GlobalSection(SolutionProperties) = preSolution
		HideSolutionNode = FALSE
	EndGlobalSection
	GlobalSection(NestedProjects) = preSolution
		{E3F40977-9951-4FCE-AA2C-9D3D804D836C} = {5BD348A4-E85B-4283-AA2A-01967F6F11C2}
		{AC520FDB-8125-46F3-85F3-D4962C53C136} = {261B1CE2-51CF-4F30-B689-3E78C3916F3E}
		{3A474510-F384-41CE-9270-539B1E51DA7E} = {6A12E9B8-849A-4421-AEB3-B768E78EDC8A}
		{1E2D9D56-D0A4-4D2E-8F2B-F211000E1667} = {6A12E9B8-849A-4421-AEB3-B768E78EDC8A}
		{BDAA4D22-45A1-470E-A142-70E1F194EE3F} = {261B1CE2-51CF-4F30-B689-3E78C3916F3E}
		{1BAA72CB-3A46-4711-9A5B-F96CF20D465E} = {261B1CE2-51CF-4F30-B689-3E78C3916F3E}
		{6B88C45A-D45E-40FB-8635-D0E0EF0454E9} = {261B1CE2-51CF-4F30-B689-3E78C3916F3E}
		{A7C2F427-3D13-4C9B-8663-1CE1E0734608} = {261B1CE2-51CF-4F30-B689-3E78C3916F3E}
		{9E500148-4F6C-424A-AA09-801DB1749677} = {261B1CE2-51CF-4F30-B689-3E78C3916F3E}
		{50136517-047A-4081-AC30-878560F108DF} = {E3F40977-9951-4FCE-AA2C-9D3D804D836C}
		{C9BE0166-0BF9-4964-8D46-4A2C89D2B02B} = {6A12E9B8-849A-4421-AEB3-B768E78EDC8A}
		{0EFC64F1-018A-4BB2-93FF-07CA668CA818} = {261B1CE2-51CF-4F30-B689-3E78C3916F3E}
		{269C2952-A589-4B42-83E6-B187E8B6A495} = {261B1CE2-51CF-4F30-B689-3E78C3916F3E}
		{CE90E7CF-957D-4DF9-AE63-93CEA369B231} = {261B1CE2-51CF-4F30-B689-3E78C3916F3E}
		{261B1CE2-51CF-4F30-B689-3E78C3916F3E} = {5BD348A4-E85B-4283-AA2A-01967F6F11C2}
		{AB38506B-6CD4-47ED-A085-A77E8A5BE26C} = {5BD348A4-E85B-4283-AA2A-01967F6F11C2}
		{0425A660-CA7D-43F6-93AB-F72C95D506E3} = {5BD348A4-E85B-4283-AA2A-01967F6F11C2}
		{2B7F0E07-9B42-4BD2-8E30-F90FD78FAF1F} = {5BD348A4-E85B-4283-AA2A-01967F6F11C2}
		{DBFA1137-B129-496A-9201-149F5178747E} = {64EFC15A-C599-41B6-BD22-144F8468A439}
		{6A12E9B8-849A-4421-AEB3-B768E78EDC8A} = {64EFC15A-C599-41B6-BD22-144F8468A439}
		{33ADF67E-963A-4950-966B-14A513C245A1} = {6A12E9B8-849A-4421-AEB3-B768E78EDC8A}
		{A9EF7869-1CE8-49FB-94DF-57DD2A82A1E6} = {261B1CE2-51CF-4F30-B689-3E78C3916F3E}
		{FA7F7527-23C3-43F6-A3D0-8DA4EC981FFD} = {6A12E9B8-849A-4421-AEB3-B768E78EDC8A}
		{9601B939-8314-4BE8-9CDE-217E47A7259C} = {261B1CE2-51CF-4F30-B689-3E78C3916F3E}
		{CF1D857F-658F-4E1F-8487-CD751F189E6A} = {6A12E9B8-849A-4421-AEB3-B768E78EDC8A}
		{0014C223-A481-4B87-A480-3D4792A9B276} = {261B1CE2-51CF-4F30-B689-3E78C3916F3E}
		{95799318-9A09-46C8-AE53-2546F053EF40} = {261B1CE2-51CF-4F30-B689-3E78C3916F3E}
		{B6302A3A-55D6-41B7-BD2F-9C821228C98A} = {64EFC15A-C599-41B6-BD22-144F8468A439}
		{37FDAE31-560D-40B8-8FA7-7DEF8A53B370} = {64EFC15A-C599-41B6-BD22-144F8468A439}
		{E298F1AF-A6A7-497C-9A2D-AC15584E1AC1} = {5BD348A4-E85B-4283-AA2A-01967F6F11C2}
		{308A72A3-462B-4C4E-ABAE-9D9D49D251E7} = {261B1CE2-51CF-4F30-B689-3E78C3916F3E}
		{16966B1C-3F81-4587-97B2-0B06C7F0F9E2} = {5BD348A4-E85B-4283-AA2A-01967F6F11C2}
		{7A26BC7D-87D1-4279-BA30-2F4CF456D58A} = {16966B1C-3F81-4587-97B2-0B06C7F0F9E2}
		{E8773FD5-293B-42EC-A394-9D0C78DB3416} = {16966B1C-3F81-4587-97B2-0B06C7F0F9E2}
		{61D00587-A426-41DE-970B-8CDF5C7A0E67} = {5BD348A4-E85B-4283-AA2A-01967F6F11C2}
		{C2EEC8DD-F390-4ECB-A169-25930896E1C1} = {261B1CE2-51CF-4F30-B689-3E78C3916F3E}
		{C90111A0-3AB2-40ED-B665-C0DDB8DEB26E} = {6A12E9B8-849A-4421-AEB3-B768E78EDC8A}
		{C9DBF0DB-FC05-4687-8A92-A6C1AA12BF9C} = {16966B1C-3F81-4587-97B2-0B06C7F0F9E2}
		{F20CA3F3-263E-4FEF-B1E0-40797999B050} = {16966B1C-3F81-4587-97B2-0B06C7F0F9E2}
		{FE288842-65F6-47DC-952A-413077247511} = {261B1CE2-51CF-4F30-B689-3E78C3916F3E}
		{6954E791-41C2-4D1F-B6E6-BA77C2784311} = {261B1CE2-51CF-4F30-B689-3E78C3916F3E}
		{68BEC16B-E721-42AC-968D-D285BDBEF262} = {16966B1C-3F81-4587-97B2-0B06C7F0F9E2}
		{8F0252A6-1BB6-4BF6-A852-33EAFB6852CA} = {261B1CE2-51CF-4F30-B689-3E78C3916F3E}
	EndGlobalSection
	GlobalSection(ExtensibilityGlobals) = postSolution
		SolutionGuid = {A9A6ED20-537A-4D69-82C7-53AF50CEAEE8}
	EndGlobalSection
EndGlobal
