
Microsoft Visual Studio Solution File, Format Version 12.00
# Visual Studio 15
VisualStudioVersion = 15.0.26403.7
MinimumVisualStudioVersion = 10.0.40219.1
Project("{2150E333-8FDC-42A3-9474-1A3956D46DE8}") = "Solution Items", "Solution Items", "{CCA550FA-833A-4F2E-9C81-78EE585A49CC}"
	ProjectSection(SolutionItems) = preProject
		.gitattributes = .gitattributes
		.gitignore = .gitignore
		appveyor.yml = appveyor.yml
		Backlog.md = Backlog.md
		build.cmd = build.cmd
		.build\Build.proj = .build\Build.proj
		.build\Build.tasks = .build\Build.tasks
		CI.cmd = CI.cmd
		CONTRIBUTING.md = CONTRIBUTING.md
		DevDoD.md = DevDoD.md
		ForNCrunchUsers.md = ForNCrunchUsers.md
		HowToAddANewAssertion.md = HowToAddANewAssertion.md
		LICENSE.txt = LICENSE.txt
		.build\MSBuild.Community.Tasks.dll = .build\MSBuild.Community.Tasks.dll
		MyPersonalPaperNote.md = MyPersonalPaperNote.md
		NFluent.nuspec = NFluent.nuspec
		NFluent.snk = NFluent.snk
		ReadMe.md = ReadMe.md
		ReleaseNoteContentToBeInsertedWithinNuspecFile.txt = ReleaseNoteContentToBeInsertedWithinNuspecFile.txt
		Settings.StyleCop = Settings.StyleCop
		UseCases.md = UseCases.md
		Version.cs = Version.cs
	EndProjectSection
EndProject
Project("{2150E333-8FDC-42A3-9474-1A3956D46DE8}") = "Tests", "Tests", "{5BD348A4-E85B-4283-AA2A-01967F6F11C2}"
EndProject
Project("{2150E333-8FDC-42A3-9474-1A3956D46DE8}") = "Src", "Src", "{64EFC15A-C599-41B6-BD22-144F8468A439}"
EndProject
Project("{2150E333-8FDC-42A3-9474-1A3956D46DE8}") = "Compatibility", "Compatibility", "{E3F40977-9951-4FCE-AA2C-9D3D804D836C}"
EndProject
Project("{FAE04EC0-301F-11D3-BF4B-00C04F79EFBC}") = "NFluent.35.Tests.Extensions", "tests\NFluent.35.Tests.Extensions\NFluent.35.Tests.Extensions.csproj", "{AC520FDB-8125-46F3-85F3-D4962C53C136}"
EndProject
Project("{FAE04EC0-301F-11D3-BF4B-00C04F79EFBC}") = "NFluent.35", "src\NFluent.35\NFluent.35.csproj", "{3A474510-F384-41CE-9270-539B1E51DA7E}"
EndProject
Project("{FAE04EC0-301F-11D3-BF4B-00C04F79EFBC}") = "NFluent.40", "src\NFluent.40\NFluent.40.csproj", "{1E2D9D56-D0A4-4D2E-8F2B-F211000E1667}"
EndProject
Project("{FAE04EC0-301F-11D3-BF4B-00C04F79EFBC}") = "NFluent.40.Tests", "tests\NFluent.40.Tests\NFluent.40.Tests.csproj", "{BDAA4D22-45A1-470E-A142-70E1F194EE3F}"
EndProject
Project("{FAE04EC0-301F-11D3-BF4B-00C04F79EFBC}") = "NFluent.40.Tests.Extensions", "tests\NFluent.40.Tests.Extensions\NFluent.40.Tests.Extensions.csproj", "{1BAA72CB-3A46-4711-9A5B-F96CF20D465E}"
EndProject
Project("{FAE04EC0-301F-11D3-BF4B-00C04F79EFBC}") = "NFluent.35.Tests", "tests\NFluent.35.Tests\NFluent.35.Tests.csproj", "{6B88C45A-D45E-40FB-8635-D0E0EF0454E9}"
EndProject
Project("{FAE04EC0-301F-11D3-BF4B-00C04F79EFBC}") = "NFluent.PCL", "src\NFluent.PCL\NFluent.PCL.csproj", "{4797A166-0410-451E-8DAB-DA7113D77062}"
EndProject
Project("{FAE04EC0-301F-11D3-BF4B-00C04F79EFBC}") = "NFluent.40.Tests.Internals", "tests\NFluent.40.Tests.Internals\NFluent.40.Tests.Internals.csproj", "{A7C2F427-3D13-4C9B-8663-1CE1E0734608}"
EndProject
Project("{FAE04EC0-301F-11D3-BF4B-00C04F79EFBC}") = "NFluent.35.Tests.Internals", "tests\NFluent.35.Tests.Internals\NFluent.35.Tests.Internals.csproj", "{9E500148-4F6C-424A-AA09-801DB1749677}"
EndProject
Project("{FAE04EC0-301F-11D3-BF4B-00C04F79EFBC}") = "NuggetVersion", "tests\Nugget\NuggetVersion.csproj", "{50136517-047A-4081-AC30-878560F108DF}"
EndProject
Project("{9A19103F-16F7-4668-BE54-9A1E7A4F7556}") = "NFluent", "src\NFluent\NFluent.csproj", "{C9BE0166-0BF9-4964-8D46-4A2C89D2B02B}"
EndProject
Project("{9A19103F-16F7-4668-BE54-9A1E7A4F7556}") = "NFluent.Core.Tests.Extensions", "tests\NFluent.Core.Tests.Extensions\NFluent.Core.Tests.Extensions.csproj", "{0EFC64F1-018A-4BB2-93FF-07CA668CA818}"
EndProject
Project("{9A19103F-16F7-4668-BE54-9A1E7A4F7556}") = "NFluent.Core.Tests", "tests\NFluent.Core.Tests\NFluent.Core.Tests.csproj", "{269C2952-A589-4B42-83E6-B187E8B6A495}"
EndProject
Project("{9A19103F-16F7-4668-BE54-9A1E7A4F7556}") = "NFluent.Core.Tests.Internals", "tests\NFluent.Core.Tests.Internals\NFluent.Core.Tests.Internals.csproj", "{CE90E7CF-957D-4DF9-AE63-93CEA369B231}"
EndProject
Project("{2150E333-8FDC-42A3-9474-1A3956D46DE8}") = "OlderTests", "OlderTests", "{261B1CE2-51CF-4F30-B689-3E78C3916F3E}"
EndProject
Global
	GlobalSection(SolutionConfigurationPlatforms) = preSolution
		Debug|Any CPU = Debug|Any CPU
		Release|Any CPU = Release|Any CPU
		Description = NFluent project, including tests
	EndGlobalSection
	GlobalSection(ProjectConfigurationPlatforms) = postSolution
		{AC520FDB-8125-46F3-85F3-D4962C53C136}.Debug|Any CPU.ActiveCfg = Debug|Any CPU
		{AC520FDB-8125-46F3-85F3-D4962C53C136}.Debug|Any CPU.Build.0 = Debug|Any CPU
		{AC520FDB-8125-46F3-85F3-D4962C53C136}.Release|Any CPU.ActiveCfg = Release|Any CPU
		{AC520FDB-8125-46F3-85F3-D4962C53C136}.Release|Any CPU.Build.0 = Release|Any CPU
		{3A474510-F384-41CE-9270-539B1E51DA7E}.Debug|Any CPU.ActiveCfg = Debug|Any CPU
		{3A474510-F384-41CE-9270-539B1E51DA7E}.Debug|Any CPU.Build.0 = Debug|Any CPU
		{3A474510-F384-41CE-9270-539B1E51DA7E}.Release|Any CPU.ActiveCfg = Release|Any CPU
		{3A474510-F384-41CE-9270-539B1E51DA7E}.Release|Any CPU.Build.0 = Release|Any CPU
		{1E2D9D56-D0A4-4D2E-8F2B-F211000E1667}.Debug|Any CPU.ActiveCfg = Debug|Any CPU
		{1E2D9D56-D0A4-4D2E-8F2B-F211000E1667}.Debug|Any CPU.Build.0 = Debug|Any CPU
		{1E2D9D56-D0A4-4D2E-8F2B-F211000E1667}.Release|Any CPU.ActiveCfg = Release|Any CPU
		{1E2D9D56-D0A4-4D2E-8F2B-F211000E1667}.Release|Any CPU.Build.0 = Release|Any CPU
		{BDAA4D22-45A1-470E-A142-70E1F194EE3F}.Debug|Any CPU.ActiveCfg = Debug|Any CPU
		{BDAA4D22-45A1-470E-A142-70E1F194EE3F}.Debug|Any CPU.Build.0 = Debug|Any CPU
		{BDAA4D22-45A1-470E-A142-70E1F194EE3F}.Release|Any CPU.ActiveCfg = Release|Any CPU
		{BDAA4D22-45A1-470E-A142-70E1F194EE3F}.Release|Any CPU.Build.0 = Release|Any CPU
		{1BAA72CB-3A46-4711-9A5B-F96CF20D465E}.Debug|Any CPU.ActiveCfg = Debug|Any CPU
		{1BAA72CB-3A46-4711-9A5B-F96CF20D465E}.Debug|Any CPU.Build.0 = Debug|Any CPU
		{1BAA72CB-3A46-4711-9A5B-F96CF20D465E}.Release|Any CPU.ActiveCfg = Release|Any CPU
		{1BAA72CB-3A46-4711-9A5B-F96CF20D465E}.Release|Any CPU.Build.0 = Release|Any CPU
		{6B88C45A-D45E-40FB-8635-D0E0EF0454E9}.Debug|Any CPU.ActiveCfg = Debug|Any CPU
		{6B88C45A-D45E-40FB-8635-D0E0EF0454E9}.Debug|Any CPU.Build.0 = Debug|Any CPU
		{6B88C45A-D45E-40FB-8635-D0E0EF0454E9}.Release|Any CPU.ActiveCfg = Release|Any CPU
		{6B88C45A-D45E-40FB-8635-D0E0EF0454E9}.Release|Any CPU.Build.0 = Release|Any CPU
		{4797A166-0410-451E-8DAB-DA7113D77062}.Debug|Any CPU.ActiveCfg = Debug|Any CPU
		{4797A166-0410-451E-8DAB-DA7113D77062}.Debug|Any CPU.Build.0 = Debug|Any CPU
		{4797A166-0410-451E-8DAB-DA7113D77062}.Release|Any CPU.ActiveCfg = Release|Any CPU
		{4797A166-0410-451E-8DAB-DA7113D77062}.Release|Any CPU.Build.0 = Release|Any CPU
		{A7C2F427-3D13-4C9B-8663-1CE1E0734608}.Debug|Any CPU.ActiveCfg = Debug|Any CPU
		{A7C2F427-3D13-4C9B-8663-1CE1E0734608}.Debug|Any CPU.Build.0 = Debug|Any CPU
		{A7C2F427-3D13-4C9B-8663-1CE1E0734608}.Release|Any CPU.ActiveCfg = Release|Any CPU
		{A7C2F427-3D13-4C9B-8663-1CE1E0734608}.Release|Any CPU.Build.0 = Release|Any CPU
		{9E500148-4F6C-424A-AA09-801DB1749677}.Debug|Any CPU.ActiveCfg = Debug|Any CPU
		{9E500148-4F6C-424A-AA09-801DB1749677}.Debug|Any CPU.Build.0 = Debug|Any CPU
		{9E500148-4F6C-424A-AA09-801DB1749677}.Release|Any CPU.ActiveCfg = Release|Any CPU
		{9E500148-4F6C-424A-AA09-801DB1749677}.Release|Any CPU.Build.0 = Release|Any CPU
		{50136517-047A-4081-AC30-878560F108DF}.Debug|Any CPU.ActiveCfg = Debug|Any CPU
		{50136517-047A-4081-AC30-878560F108DF}.Debug|Any CPU.Build.0 = Debug|Any CPU
		{50136517-047A-4081-AC30-878560F108DF}.Release|Any CPU.ActiveCfg = Release|Any CPU
		{50136517-047A-4081-AC30-878560F108DF}.Release|Any CPU.Build.0 = Release|Any CPU
		{C9BE0166-0BF9-4964-8D46-4A2C89D2B02B}.Debug|Any CPU.ActiveCfg = Debug|Any CPU
		{C9BE0166-0BF9-4964-8D46-4A2C89D2B02B}.Debug|Any CPU.Build.0 = Debug|Any CPU
		{C9BE0166-0BF9-4964-8D46-4A2C89D2B02B}.Release|Any CPU.ActiveCfg = Release|Any CPU
		{C9BE0166-0BF9-4964-8D46-4A2C89D2B02B}.Release|Any CPU.Build.0 = Release|Any CPU
		{0EFC64F1-018A-4BB2-93FF-07CA668CA818}.Debug|Any CPU.ActiveCfg = Debug|Any CPU
		{0EFC64F1-018A-4BB2-93FF-07CA668CA818}.Debug|Any CPU.Build.0 = Debug|Any CPU
		{0EFC64F1-018A-4BB2-93FF-07CA668CA818}.Release|Any CPU.ActiveCfg = Release|Any CPU
		{0EFC64F1-018A-4BB2-93FF-07CA668CA818}.Release|Any CPU.Build.0 = Release|Any CPU
		{269C2952-A589-4B42-83E6-B187E8B6A495}.Debug|Any CPU.ActiveCfg = Debug|Any CPU
		{269C2952-A589-4B42-83E6-B187E8B6A495}.Debug|Any CPU.Build.0 = Debug|Any CPU
		{269C2952-A589-4B42-83E6-B187E8B6A495}.Release|Any CPU.ActiveCfg = Release|Any CPU
		{269C2952-A589-4B42-83E6-B187E8B6A495}.Release|Any CPU.Build.0 = Release|Any CPU
		{CE90E7CF-957D-4DF9-AE63-93CEA369B231}.Debug|Any CPU.ActiveCfg = Debug|Any CPU
		{CE90E7CF-957D-4DF9-AE63-93CEA369B231}.Debug|Any CPU.Build.0 = Debug|Any CPU
		{CE90E7CF-957D-4DF9-AE63-93CEA369B231}.Release|Any CPU.ActiveCfg = Release|Any CPU
		{CE90E7CF-957D-4DF9-AE63-93CEA369B231}.Release|Any CPU.Build.0 = Release|Any CPU
	EndGlobalSection
	GlobalSection(SolutionProperties) = preSolution
		HideSolutionNode = FALSE
	EndGlobalSection
	GlobalSection(NestedProjects) = preSolution
		{E3F40977-9951-4FCE-AA2C-9D3D804D836C} = {5BD348A4-E85B-4283-AA2A-01967F6F11C2}
		{AC520FDB-8125-46F3-85F3-D4962C53C136} = {261B1CE2-51CF-4F30-B689-3E78C3916F3E}
		{3A474510-F384-41CE-9270-539B1E51DA7E} = {64EFC15A-C599-41B6-BD22-144F8468A439}
		{1E2D9D56-D0A4-4D2E-8F2B-F211000E1667} = {64EFC15A-C599-41B6-BD22-144F8468A439}
		{BDAA4D22-45A1-470E-A142-70E1F194EE3F} = {261B1CE2-51CF-4F30-B689-3E78C3916F3E}
		{1BAA72CB-3A46-4711-9A5B-F96CF20D465E} = {261B1CE2-51CF-4F30-B689-3E78C3916F3E}
		{6B88C45A-D45E-40FB-8635-D0E0EF0454E9} = {261B1CE2-51CF-4F30-B689-3E78C3916F3E}
		{4797A166-0410-451E-8DAB-DA7113D77062} = {64EFC15A-C599-41B6-BD22-144F8468A439}
		{A7C2F427-3D13-4C9B-8663-1CE1E0734608} = {261B1CE2-51CF-4F30-B689-3E78C3916F3E}
		{9E500148-4F6C-424A-AA09-801DB1749677} = {261B1CE2-51CF-4F30-B689-3E78C3916F3E}
		{50136517-047A-4081-AC30-878560F108DF} = {E3F40977-9951-4FCE-AA2C-9D3D804D836C}
		{C9BE0166-0BF9-4964-8D46-4A2C89D2B02B} = {64EFC15A-C599-41B6-BD22-144F8468A439}
		{0EFC64F1-018A-4BB2-93FF-07CA668CA818} = {5BD348A4-E85B-4283-AA2A-01967F6F11C2}
		{269C2952-A589-4B42-83E6-B187E8B6A495} = {5BD348A4-E85B-4283-AA2A-01967F6F11C2}
		{CE90E7CF-957D-4DF9-AE63-93CEA369B231} = {5BD348A4-E85B-4283-AA2A-01967F6F11C2}
		{261B1CE2-51CF-4F30-B689-3E78C3916F3E} = {5BD348A4-E85B-4283-AA2A-01967F6F11C2}
	EndGlobalSection
	GlobalSection(MonoDevelopProperties) = preSolution
		StartupItem = NFluent.40.Tests\NFluent.40.Tests.csproj
		Policies = $0
		$0.DotNetNamingPolicy = $1
		$1.DirectoryNamespaceAssociation = None
		$1.ResourceNamePolicy = FileFormatDefault
		$0.TextStylePolicy = $5
		$2.FileWidth = 120
		$2.TabsToSpaces = False
		$2.inheritsSet = VisualStudio
		$2.inheritsScope = text/plain
		$3.inheritsSet = null
		$3.scope = text/x-csharp
		$0.CSharpFormattingPolicy = $4
		$4.SimplePropertyFormatting = ForceNewLine
		$4.PropertyGetBraceStyle = NextLine
		$4.PropertySetBraceStyle = NextLine
		$4.EventAddBraceStyle = NextLine
		$4.EventRemoveBraceStyle = NextLine
		$4.ElseNewLinePlacement = NewLine
		$4.ElseIfNewLinePlacement = NewLine
		$4.CatchNewLinePlacement = NewLine
		$4.FinallyNewLinePlacement = NewLine
		$4.BeforeMethodDeclarationParentheses = False
		$4.BeforeMethodCallParentheses = False
		$4.BeforeConstructorDeclarationParentheses = False
		$4.BeforeIndexerDeclarationBracket = False
		$4.BeforeDelegateDeclarationParentheses = False
		$4.AfterDelegateDeclarationParameterComma = True
		$4.NewParentheses = False
		$4.ForParentheses = False
		$4.ForeachParentheses = False
		$4.LockParentheses = False
		$4.SpacesBeforeBrackets = False
		$4.inheritsSet = Mono
		$4.inheritsScope = text/x-csharp
		$4.scope = text/x-csharp
		$5.FileWidth = 120
		$5.inheritsSet = VisualStudio
		$5.inheritsScope = text/plain
		$5.scope = text/plain
		$0.StandardHeader = $6
		$6.Text = @\n Copyright ${Year}  ${CopyrightHolder}\n\n   Licensed under the Apache License, Version 2.0 (the "License");\n   you may not use this file except in compliance with the License.\n   You may obtain a copy of the License at\n\n       http://www.apache.org/licenses/LICENSE-2.0\n\n   Unless required by applicable law or agreed to in writing, software\n   distributed under the License is distributed on an "AS IS" BASIS,\n   WITHOUT WARRANTIES OR CONDITIONS OF ANY KIND, either express or implied.\n   See the License for the specific language governing permissions and\n   limitations under the License.
		$6.IncludeInNewFiles = True
		$0.NameConventionPolicy = $7
		$7.Rules = $8
		$8.NamingRule = $28
		$9.Name = Namespaces
		$9.AffectedEntity = Namespace
		$9.VisibilityMask = VisibilityMask
		$9.NamingStyle = PascalCase
		$9.IncludeInstanceMembers = True
		$9.IncludeStaticEntities = True
		$10.Name = Types
		$10.AffectedEntity = Class, Struct, Enum, Delegate
		$10.VisibilityMask = Public
		$10.NamingStyle = PascalCase
		$10.IncludeInstanceMembers = True
		$10.IncludeStaticEntities = True
		$11.Name = Interfaces
		$11.RequiredPrefixes = $12
		$12.String = I
		$11.AffectedEntity = Interface
		$11.VisibilityMask = Public
		$11.NamingStyle = PascalCase
		$11.IncludeInstanceMembers = True
		$11.IncludeStaticEntities = True
		$13.Name = Attributes
		$13.RequiredSuffixes = $14
		$14.String = Attribute
		$13.AffectedEntity = CustomAttributes
		$13.VisibilityMask = Public
		$13.NamingStyle = PascalCase
		$13.IncludeInstanceMembers = True
		$13.IncludeStaticEntities = True
		$15.Name = Event Arguments
		$15.RequiredSuffixes = $16
		$16.String = EventArgs
		$15.AffectedEntity = CustomEventArgs
		$15.VisibilityMask = Public
		$15.NamingStyle = PascalCase
		$15.IncludeInstanceMembers = True
		$15.IncludeStaticEntities = True
		$17.Name = Exceptions
		$17.RequiredSuffixes = $18
		$18.String = Exception
		$17.AffectedEntity = CustomExceptions
		$17.VisibilityMask = VisibilityMask
		$17.NamingStyle = PascalCase
		$17.IncludeInstanceMembers = True
		$17.IncludeStaticEntities = True
		$19.Name = Methods
		$19.AffectedEntity = Methods
		$19.VisibilityMask = Protected, Public
		$19.NamingStyle = PascalCase
		$19.IncludeInstanceMembers = True
		$19.IncludeStaticEntities = True
		$20.Name = Static Readonly Fields
		$20.AffectedEntity = ReadonlyField
		$20.VisibilityMask = Protected, Public
		$20.NamingStyle = PascalCase
		$20.IncludeInstanceMembers = False
		$20.IncludeStaticEntities = True
		$21.Name = Fields
		$21.AffectedEntity = Field
		$21.VisibilityMask = Protected, Public
		$21.NamingStyle = PascalCase
		$21.IncludeInstanceMembers = True
		$21.IncludeStaticEntities = True
		$22.Name = ReadOnly Fields
		$22.AffectedEntity = ReadonlyField
		$22.VisibilityMask = Protected, Public
		$22.NamingStyle = PascalCase
		$22.IncludeInstanceMembers = True
		$22.IncludeStaticEntities = False
		$23.Name = Constant Fields
		$23.AffectedEntity = ConstantField
		$23.VisibilityMask = Protected, Public
		$23.NamingStyle = PascalCase
		$23.IncludeInstanceMembers = True
		$23.IncludeStaticEntities = True
		$24.Name = Properties
		$24.AffectedEntity = Property
		$24.VisibilityMask = Protected, Public
		$24.NamingStyle = PascalCase
		$24.IncludeInstanceMembers = True
		$24.IncludeStaticEntities = True
		$25.Name = Events
		$25.AffectedEntity = Event
		$25.VisibilityMask = Protected, Public
		$25.NamingStyle = PascalCase
		$25.IncludeInstanceMembers = True
		$25.IncludeStaticEntities = True
		$26.Name = Enum Members
		$26.AffectedEntity = EnumMember
		$26.VisibilityMask = VisibilityMask
		$26.NamingStyle = PascalCase
		$26.IncludeInstanceMembers = True
		$26.IncludeStaticEntities = True
		$27.Name = Parameters
		$27.AffectedEntity = Parameter
		$27.VisibilityMask = VisibilityMask
		$27.NamingStyle = CamelCase
		$27.IncludeInstanceMembers = True
		$27.IncludeStaticEntities = True
		$28.Name = Type Parameters
		$28.RequiredPrefixes = $29
		$29.String = T
		$28.AffectedEntity = TypeParameter
		$28.VisibilityMask = VisibilityMask
		$28.NamingStyle = PascalCase
		$28.IncludeInstanceMembers = True
		$28.IncludeStaticEntities = True
		$0.VersionControlPolicy = $30
		$30.inheritsSet = Mono
	EndGlobalSection
EndGlobal
