
Microsoft Visual Studio Solution File, Format Version 12.00
# Visual Studio Version 17
VisualStudioVersion = 17.1.32210.238
MinimumVisualStudioVersion = 10.0.40219.1
Project("{2150E333-8FDC-42A3-9474-1A3956D46DE8}") = "solution items", "solution items", "{CCA550FA-833A-4F2E-9C81-78EE585A49CC}"
	ProjectSection(SolutionItems) = preProject
		..\CODE_OF_CONDUCT.md = ..\CODE_OF_CONDUCT.md
		..\CONTRIBUTING.md = ..\CONTRIBUTING.md
		..\ISSUE_TEMPLATE.md = ..\ISSUE_TEMPLATE.md
		..\LICENSE.txt = ..\LICENSE.txt
		NFluent.nuspec = NFluent.nuspec
		..\ReadMe.md = ..\ReadMe.md
	EndProjectSection
EndProject
Project("{2150E333-8FDC-42A3-9474-1A3956D46DE8}") = "tests", "tests", "{5BD348A4-E85B-4283-AA2A-01967F6F11C2}"
EndProject
Project("{2150E333-8FDC-42A3-9474-1A3956D46DE8}") = "src", "src", "{64EFC15A-C599-41B6-BD22-144F8468A439}"
	ProjectSection(SolutionItems) = preProject
		.build\NFluent.snk = .build\NFluent.snk
		.build\Version.cs = .build\Version.cs
	EndProjectSection
EndProject
Project("{2150E333-8FDC-42A3-9474-1A3956D46DE8}") = "compatibility", "compatibility", "{E3F40977-9951-4FCE-AA2C-9D3D804D836C}"
EndProject
Project("{FAE04EC0-301F-11D3-BF4B-00C04F79EFBC}") = "NuggetVersion", "tests\Nugget\NuggetVersion.csproj", "{50136517-047A-4081-AC30-878560F108DF}"
EndProject
Project("{D954291E-2A0B-460D-934E-DC6B0785DB48}") = "NFluent.Tests.Internals", "tests\NFluent.Tests.Internals\NFluent.Tests.Internals.shproj", "{AB38506B-6CD4-47ED-A085-A77E8A5BE26C}"
EndProject
Project("{D954291E-2A0B-460D-934E-DC6B0785DB48}") = "NFluent.Tests", "tests\NFluent.Tests\NFluent.Tests.shproj", "{0425A660-CA7D-43F6-93AB-F72C95D506E3}"
EndProject
Project("{D954291E-2A0B-460D-934E-DC6B0785DB48}") = "NFluent.Tests.Extensions", "tests\NFluent.Tests.Extensions\NFluent.Tests.Extensions.shproj", "{2B7F0E07-9B42-4BD2-8E30-F90FD78FAF1F}"
EndProject
Project("{D954291E-2A0B-460D-934E-DC6B0785DB48}") = "NFluent", "src\NFluent\NFluent.shproj", "{DBFA1137-B129-496A-9201-149F5178747E}"
EndProject
Project("{D954291E-2A0B-460D-934E-DC6B0785DB48}") = "NFluent.Generated", "src\NFluent.Generated\NFluent.Generated.shproj", "{37FDAE31-560D-40B8-8FA7-7DEF8A53B370}"
EndProject
Project("{D954291E-2A0B-460D-934E-DC6B0785DB48}") = "NFluent.Tests.Generated", "tests\NFluent.Tests.Generated\NFluent.Tests.Generated.shproj", "{E298F1AF-A6A7-497C-9A2D-AC15584E1AC1}"
EndProject
Project("{2150E333-8FDC-42A3-9474-1A3956D46DE8}") = "frameworks", "frameworks", "{16966B1C-3F81-4587-97B2-0B06C7F0F9E2}"
EndProject
Project("{D954291E-2A0B-460D-934E-DC6B0785DB48}") = "NFluent.Tests.Meta", "tests\NFluent.Tests.Meta\NFluent.Tests.Meta.shproj", "{61D00587-A426-41DE-970B-8CDF5C7A0E67}"
EndProject
Project("{9A19103F-16F7-4668-BE54-9A1E7A4F7556}") = "NFluent.Tests.Fuzzing", "tests\NFluent.Tests.Fuzzing\NFluent.Tests.Fuzzing.csproj", "{F20CA3F3-263E-4FEF-B1E0-40797999B050}"
EndProject
Project("{9A19103F-16F7-4668-BE54-9A1E7A4F7556}") = "NFluent.Tests.Core.xUnit", "tests\NFluent.Tests.Core.xUnit\NFluent.Tests.Core.xUnit.csproj", "{68BEC16B-E721-42AC-968D-D285BDBEF262}"
EndProject
Project("{2150E333-8FDC-42A3-9474-1A3956D46DE8}") = "docs", "docs", "{DEE62612-3A5D-4D3F-9DDD-84B869E9184F}"
	ProjectSection(SolutionItems) = preProject
		..\docs\ArchitectureDecisionRecord.md = ..\docs\ArchitectureDecisionRecord.md
		Changelog.md = Changelog.md
		..\docs\DevDoD.md = ..\docs\DevDoD.md
		..\docs\ForNCrunchUsers.md = ..\docs\ForNCrunchUsers.md
		..\docs\HowToAddANewAssertion.md = ..\docs\HowToAddANewAssertion.md
		ReleaseNoteContentToBeInsertedWithinNuspecFile.md = ReleaseNoteContentToBeInsertedWithinNuspecFile.md
		..\docs\UseCases.md = ..\docs\UseCases.md
	EndProjectSection
EndProject
Project("{2150E333-8FDC-42A3-9474-1A3956D46DE8}") = "continuous integration", "continuous integration", "{30A45412-002D-4E07-BDA7-945315A661BC}"
	ProjectSection(SolutionItems) = preProject
		..\appveyor.yml = ..\appveyor.yml
		build.cmd = build.cmd
		BuildAndMutate.cmd = BuildAndMutate.cmd
		.build\buildlogic.targets = .build\buildlogic.targets
		.build\BuildMulti.proj = .build\BuildMulti.proj
		..\CI.cmd = ..\CI.cmd
		.config\dotnet-tools.json = .config\dotnet-tools.json
		MutationTests.cmd = MutationTests.cmd
		NFluent.nuspec = NFluent.nuspec
	EndProjectSection
EndProject
Project("{2150E333-8FDC-42A3-9474-1A3956D46DE8}") = "configuration", "configuration", "{318572FA-149A-4CE7-9DCE-78B63FBB2716}"
	ProjectSection(SolutionItems) = preProject
		.gitattributes = .gitattributes
		.gitignore = .gitignore
		.mailmap = .mailmap
		Settings.StyleCop = Settings.StyleCop
	EndProjectSection
EndProject
Project("{9A19103F-16F7-4668-BE54-9A1E7A4F7556}") = "NFluent.Tests.SelfHosted", "tests\NFluent.Tests.SelfHosted\NFluent.Tests.SelfHosted.csproj", "{55C72F16-9E10-4BA3-A490-1401EEF86D4C}"
EndProject
Project("{9A19103F-16F7-4668-BE54-9A1E7A4F7556}") = "NFluent.Tests.MsTest", "tests\NFluent.Tests.MsTest\NFluent.Tests.MsTest.csproj", "{8ABE2B72-E588-40F2-AD48-792C71520143}"
EndProject
Project("{9A19103F-16F7-4668-BE54-9A1E7A4F7556}") = "NFluent.Tests.xUnit", "tests\NFluent.Tests.xUnit\NFluent.Tests.xUnit.csproj", "{788BA275-A78C-4FD7-B842-4CD9F2B9A1B2}"
EndProject
Project("{2150E333-8FDC-42A3-9474-1A3956D46DE8}") = "analyzer", "analyzer", "{F301E834-1488-4307-B94A-092B9655EEE7}"
EndProject
Project("{9A19103F-16F7-4668-BE54-9A1E7A4F7556}") = "NFluent.Analyzer", "src\Analyzer\NFluent.Analyzer\NFluent.Analyzer\NFluent.Analyzer.csproj", "{51AD74E6-7ED6-41BC-AB1C-6EFFD7BCC489}"
EndProject
Project("{9A19103F-16F7-4668-BE54-9A1E7A4F7556}") = "NFluent.Analyzer.CodeFixes", "src\Analyzer\NFluent.Analyzer\NFluent.Analyzer.CodeFixes\NFluent.Analyzer.CodeFixes.csproj", "{4A9C7781-2EF9-43A3-AC00-54D13BAB5548}"
EndProject
Project("{9A19103F-16F7-4668-BE54-9A1E7A4F7556}") = "NFluent.Analyzer.Package", "src\Analyzer\NFluent.Analyzer\NFluent.Analyzer.Package\NFluent.Analyzer.Package.csproj", "{190DA82F-00C9-4742-9288-425A8E418213}"
EndProject
Project("{9A19103F-16F7-4668-BE54-9A1E7A4F7556}") = "NFluent.Analyzer.Vsix", "src\Analyzer\NFluent.Analyzer\NFluent.Analyzer.Vsix\NFluent.Analyzer.Vsix.csproj", "{1DAEA6A5-9D33-4BD9-98D7-2634E4568253}"
EndProject
Project("{D954291E-2A0B-460D-934E-DC6B0785DB48}") = "NFluent.Tests.ReportedIssues", "tests\NFluent.Tests.ReportedIssues\NFluent.Tests.ReportedIssues.shproj", "{0147471A-18D2-4714-8CDA-37DA471E0E45}"
EndProject
Project("{9A19103F-16F7-4668-BE54-9A1E7A4F7556}") = "NFluent.NetCore3.Tests.ReportedIssues", "tests\NFluent.NetCore3.Tests.ReportedIssues\NFluent.NetCore3.Tests.ReportedIssues.csproj", "{F4872EAA-BF75-47EC-A8EF-7791A0E89B50}"
EndProject
Project("{9A19103F-16F7-4668-BE54-9A1E7A4F7556}") = "NFluent.T4", "src\NFluent.T4\NFluent.T4.csproj", "{B6302A3A-55D6-41B7-BD2F-9C821228C98A}"
EndProject
Project("{9A19103F-16F7-4668-BE54-9A1E7A4F7556}") = "NFluent.Analyzer.Test", "src\Analyzer\NFluent.Analyzer\NFluent.Analyzer.Test\NFluent.Analyzer.Test.csproj", "{4D1E60F2-64ED-452F-9A4F-5A3C8EEFD05A}"
EndProject
Project("{9A19103F-16F7-4668-BE54-9A1E7A4F7556}") = "NFluent.Multi", "src\NFluent.Multi\NFluent.Multi.csproj", "{8330678B-9BDC-4D6B-B0F6-6142E067C82E}"
EndProject
Project("{9A19103F-16F7-4668-BE54-9A1E7A4F7556}") = "NFluent.Tests.Multi", "tests\NFluent.Tests.Multi\NFluent.Tests.Multi.csproj", "{03F711F7-9AC8-439A-BD02-25E8A71A4B98}"
EndProject
Project("{9A19103F-16F7-4668-BE54-9A1E7A4F7556}") = "NFluent.Tests.Extensions.Multi", "tests\NFLuent.Tests.Extensions.Multi\NFluent.Tests.Extensions.Multi.csproj", "{805B9B7E-5A60-4D97-82ED-63827C035143}"
EndProject
Project("{9A19103F-16F7-4668-BE54-9A1E7A4F7556}") = "NFluent.Tests.Internals.Multi", "tests\NFluent.Tests.Internal.Multi\NFluent.Tests.Internals.Multi.csproj", "{CE3DE8E3-1279-4403-A2E6-2DC4876B974B}"
EndProject
Project("{9A19103F-16F7-4668-BE54-9A1E7A4F7556}") = "NFluent.Tests.Meta.Multi", "tests\NFluent.Tests.Meta.Multi\NFluent.Tests.Meta.Multi.csproj", "{13362DC4-9FF5-4F03-A005-5FBC83E4F748}"
EndProject
Global
	GlobalSection(SolutionConfigurationPlatforms) = preSolution
		Debug|Any CPU = Debug|Any CPU
		Release|Any CPU = Release|Any CPU
		Description = NFluent project, including tests
	EndGlobalSection
	GlobalSection(ProjectConfigurationPlatforms) = postSolution
		{50136517-047A-4081-AC30-878560F108DF}.Debug|Any CPU.ActiveCfg = Debug|Any CPU
		{50136517-047A-4081-AC30-878560F108DF}.Debug|Any CPU.Build.0 = Debug|Any CPU
		{50136517-047A-4081-AC30-878560F108DF}.Release|Any CPU.ActiveCfg = Release|Any CPU
		{50136517-047A-4081-AC30-878560F108DF}.Release|Any CPU.Build.0 = Release|Any CPU
		{F20CA3F3-263E-4FEF-B1E0-40797999B050}.Debug|Any CPU.ActiveCfg = Debug|Any CPU
		{F20CA3F3-263E-4FEF-B1E0-40797999B050}.Debug|Any CPU.Build.0 = Debug|Any CPU
		{F20CA3F3-263E-4FEF-B1E0-40797999B050}.Release|Any CPU.ActiveCfg = Release|Any CPU
		{F20CA3F3-263E-4FEF-B1E0-40797999B050}.Release|Any CPU.Build.0 = Release|Any CPU
		{68BEC16B-E721-42AC-968D-D285BDBEF262}.Debug|Any CPU.ActiveCfg = Debug|Any CPU
		{68BEC16B-E721-42AC-968D-D285BDBEF262}.Debug|Any CPU.Build.0 = Debug|Any CPU
		{68BEC16B-E721-42AC-968D-D285BDBEF262}.Release|Any CPU.ActiveCfg = Release|Any CPU
		{68BEC16B-E721-42AC-968D-D285BDBEF262}.Release|Any CPU.Build.0 = Release|Any CPU
		{55C72F16-9E10-4BA3-A490-1401EEF86D4C}.Debug|Any CPU.ActiveCfg = Debug|Any CPU
		{55C72F16-9E10-4BA3-A490-1401EEF86D4C}.Debug|Any CPU.Build.0 = Debug|Any CPU
		{55C72F16-9E10-4BA3-A490-1401EEF86D4C}.Release|Any CPU.ActiveCfg = Release|Any CPU
		{55C72F16-9E10-4BA3-A490-1401EEF86D4C}.Release|Any CPU.Build.0 = Release|Any CPU
		{8ABE2B72-E588-40F2-AD48-792C71520143}.Debug|Any CPU.ActiveCfg = Debug|Any CPU
		{8ABE2B72-E588-40F2-AD48-792C71520143}.Debug|Any CPU.Build.0 = Debug|Any CPU
		{8ABE2B72-E588-40F2-AD48-792C71520143}.Release|Any CPU.ActiveCfg = Release|Any CPU
		{8ABE2B72-E588-40F2-AD48-792C71520143}.Release|Any CPU.Build.0 = Release|Any CPU
		{788BA275-A78C-4FD7-B842-4CD9F2B9A1B2}.Debug|Any CPU.ActiveCfg = Debug|Any CPU
		{788BA275-A78C-4FD7-B842-4CD9F2B9A1B2}.Debug|Any CPU.Build.0 = Debug|Any CPU
		{788BA275-A78C-4FD7-B842-4CD9F2B9A1B2}.Release|Any CPU.ActiveCfg = Release|Any CPU
		{788BA275-A78C-4FD7-B842-4CD9F2B9A1B2}.Release|Any CPU.Build.0 = Release|Any CPU
		{51AD74E6-7ED6-41BC-AB1C-6EFFD7BCC489}.Debug|Any CPU.ActiveCfg = Debug|Any CPU
		{51AD74E6-7ED6-41BC-AB1C-6EFFD7BCC489}.Debug|Any CPU.Build.0 = Debug|Any CPU
		{51AD74E6-7ED6-41BC-AB1C-6EFFD7BCC489}.Release|Any CPU.ActiveCfg = Release|Any CPU
		{51AD74E6-7ED6-41BC-AB1C-6EFFD7BCC489}.Release|Any CPU.Build.0 = Release|Any CPU
		{4A9C7781-2EF9-43A3-AC00-54D13BAB5548}.Debug|Any CPU.ActiveCfg = Debug|Any CPU
		{4A9C7781-2EF9-43A3-AC00-54D13BAB5548}.Debug|Any CPU.Build.0 = Debug|Any CPU
		{4A9C7781-2EF9-43A3-AC00-54D13BAB5548}.Release|Any CPU.ActiveCfg = Release|Any CPU
		{4A9C7781-2EF9-43A3-AC00-54D13BAB5548}.Release|Any CPU.Build.0 = Release|Any CPU
		{190DA82F-00C9-4742-9288-425A8E418213}.Debug|Any CPU.ActiveCfg = Debug|Any CPU
		{190DA82F-00C9-4742-9288-425A8E418213}.Debug|Any CPU.Build.0 = Debug|Any CPU
		{190DA82F-00C9-4742-9288-425A8E418213}.Release|Any CPU.ActiveCfg = Release|Any CPU
		{190DA82F-00C9-4742-9288-425A8E418213}.Release|Any CPU.Build.0 = Release|Any CPU
		{1DAEA6A5-9D33-4BD9-98D7-2634E4568253}.Debug|Any CPU.ActiveCfg = Debug|Any CPU
		{1DAEA6A5-9D33-4BD9-98D7-2634E4568253}.Debug|Any CPU.Build.0 = Debug|Any CPU
		{1DAEA6A5-9D33-4BD9-98D7-2634E4568253}.Release|Any CPU.ActiveCfg = Release|Any CPU
		{1DAEA6A5-9D33-4BD9-98D7-2634E4568253}.Release|Any CPU.Build.0 = Release|Any CPU
		{F4872EAA-BF75-47EC-A8EF-7791A0E89B50}.Debug|Any CPU.ActiveCfg = Debug|Any CPU
		{F4872EAA-BF75-47EC-A8EF-7791A0E89B50}.Debug|Any CPU.Build.0 = Debug|Any CPU
		{F4872EAA-BF75-47EC-A8EF-7791A0E89B50}.Release|Any CPU.ActiveCfg = Release|Any CPU
		{F4872EAA-BF75-47EC-A8EF-7791A0E89B50}.Release|Any CPU.Build.0 = Release|Any CPU
		{B6302A3A-55D6-41B7-BD2F-9C821228C98A}.Debug|Any CPU.ActiveCfg = Debug|Any CPU
		{B6302A3A-55D6-41B7-BD2F-9C821228C98A}.Debug|Any CPU.Build.0 = Debug|Any CPU
		{B6302A3A-55D6-41B7-BD2F-9C821228C98A}.Release|Any CPU.ActiveCfg = Release|Any CPU
		{B6302A3A-55D6-41B7-BD2F-9C821228C98A}.Release|Any CPU.Build.0 = Release|Any CPU
		{4D1E60F2-64ED-452F-9A4F-5A3C8EEFD05A}.Debug|Any CPU.ActiveCfg = Debug|Any CPU
		{4D1E60F2-64ED-452F-9A4F-5A3C8EEFD05A}.Debug|Any CPU.Build.0 = Debug|Any CPU
		{4D1E60F2-64ED-452F-9A4F-5A3C8EEFD05A}.Release|Any CPU.ActiveCfg = Release|Any CPU
		{4D1E60F2-64ED-452F-9A4F-5A3C8EEFD05A}.Release|Any CPU.Build.0 = Release|Any CPU
		{8330678B-9BDC-4D6B-B0F6-6142E067C82E}.Debug|Any CPU.ActiveCfg = Debug|Any CPU
		{8330678B-9BDC-4D6B-B0F6-6142E067C82E}.Debug|Any CPU.Build.0 = Debug|Any CPU
		{8330678B-9BDC-4D6B-B0F6-6142E067C82E}.Release|Any CPU.ActiveCfg = Release|Any CPU
		{8330678B-9BDC-4D6B-B0F6-6142E067C82E}.Release|Any CPU.Build.0 = Release|Any CPU
		{03F711F7-9AC8-439A-BD02-25E8A71A4B98}.Debug|Any CPU.ActiveCfg = Debug|Any CPU
		{03F711F7-9AC8-439A-BD02-25E8A71A4B98}.Debug|Any CPU.Build.0 = Debug|Any CPU
		{03F711F7-9AC8-439A-BD02-25E8A71A4B98}.Release|Any CPU.ActiveCfg = Release|Any CPU
		{03F711F7-9AC8-439A-BD02-25E8A71A4B98}.Release|Any CPU.Build.0 = Release|Any CPU
		{805B9B7E-5A60-4D97-82ED-63827C035143}.Debug|Any CPU.ActiveCfg = Debug|Any CPU
		{805B9B7E-5A60-4D97-82ED-63827C035143}.Debug|Any CPU.Build.0 = Debug|Any CPU
		{805B9B7E-5A60-4D97-82ED-63827C035143}.Release|Any CPU.ActiveCfg = Release|Any CPU
		{805B9B7E-5A60-4D97-82ED-63827C035143}.Release|Any CPU.Build.0 = Release|Any CPU
		{CE3DE8E3-1279-4403-A2E6-2DC4876B974B}.Debug|Any CPU.ActiveCfg = Debug|Any CPU
		{CE3DE8E3-1279-4403-A2E6-2DC4876B974B}.Debug|Any CPU.Build.0 = Debug|Any CPU
		{CE3DE8E3-1279-4403-A2E6-2DC4876B974B}.Release|Any CPU.ActiveCfg = Release|Any CPU
		{CE3DE8E3-1279-4403-A2E6-2DC4876B974B}.Release|Any CPU.Build.0 = Release|Any CPU
		{13362DC4-9FF5-4F03-A005-5FBC83E4F748}.Debug|Any CPU.ActiveCfg = Debug|Any CPU
		{13362DC4-9FF5-4F03-A005-5FBC83E4F748}.Debug|Any CPU.Build.0 = Debug|Any CPU
		{13362DC4-9FF5-4F03-A005-5FBC83E4F748}.Release|Any CPU.ActiveCfg = Release|Any CPU
		{13362DC4-9FF5-4F03-A005-5FBC83E4F748}.Release|Any CPU.Build.0 = Release|Any CPU
	EndGlobalSection
	GlobalSection(SolutionProperties) = preSolution
		HideSolutionNode = FALSE
	EndGlobalSection
	GlobalSection(NestedProjects) = preSolution
		{E3F40977-9951-4FCE-AA2C-9D3D804D836C} = {5BD348A4-E85B-4283-AA2A-01967F6F11C2}
		{50136517-047A-4081-AC30-878560F108DF} = {E3F40977-9951-4FCE-AA2C-9D3D804D836C}
		{AB38506B-6CD4-47ED-A085-A77E8A5BE26C} = {5BD348A4-E85B-4283-AA2A-01967F6F11C2}
		{0425A660-CA7D-43F6-93AB-F72C95D506E3} = {5BD348A4-E85B-4283-AA2A-01967F6F11C2}
		{2B7F0E07-9B42-4BD2-8E30-F90FD78FAF1F} = {5BD348A4-E85B-4283-AA2A-01967F6F11C2}
		{DBFA1137-B129-496A-9201-149F5178747E} = {64EFC15A-C599-41B6-BD22-144F8468A439}
		{37FDAE31-560D-40B8-8FA7-7DEF8A53B370} = {64EFC15A-C599-41B6-BD22-144F8468A439}
		{E298F1AF-A6A7-497C-9A2D-AC15584E1AC1} = {5BD348A4-E85B-4283-AA2A-01967F6F11C2}
		{16966B1C-3F81-4587-97B2-0B06C7F0F9E2} = {5BD348A4-E85B-4283-AA2A-01967F6F11C2}
		{61D00587-A426-41DE-970B-8CDF5C7A0E67} = {5BD348A4-E85B-4283-AA2A-01967F6F11C2}
		{F20CA3F3-263E-4FEF-B1E0-40797999B050} = {16966B1C-3F81-4587-97B2-0B06C7F0F9E2}
		{68BEC16B-E721-42AC-968D-D285BDBEF262} = {16966B1C-3F81-4587-97B2-0B06C7F0F9E2}
		{55C72F16-9E10-4BA3-A490-1401EEF86D4C} = {16966B1C-3F81-4587-97B2-0B06C7F0F9E2}
		{8ABE2B72-E588-40F2-AD48-792C71520143} = {16966B1C-3F81-4587-97B2-0B06C7F0F9E2}
		{788BA275-A78C-4FD7-B842-4CD9F2B9A1B2} = {16966B1C-3F81-4587-97B2-0B06C7F0F9E2}
		{51AD74E6-7ED6-41BC-AB1C-6EFFD7BCC489} = {F301E834-1488-4307-B94A-092B9655EEE7}
		{4A9C7781-2EF9-43A3-AC00-54D13BAB5548} = {F301E834-1488-4307-B94A-092B9655EEE7}
		{190DA82F-00C9-4742-9288-425A8E418213} = {F301E834-1488-4307-B94A-092B9655EEE7}
		{1DAEA6A5-9D33-4BD9-98D7-2634E4568253} = {F301E834-1488-4307-B94A-092B9655EEE7}
		{0147471A-18D2-4714-8CDA-37DA471E0E45} = {5BD348A4-E85B-4283-AA2A-01967F6F11C2}
		{F4872EAA-BF75-47EC-A8EF-7791A0E89B50} = {5BD348A4-E85B-4283-AA2A-01967F6F11C2}
		{B6302A3A-55D6-41B7-BD2F-9C821228C98A} = {64EFC15A-C599-41B6-BD22-144F8468A439}
		{4D1E60F2-64ED-452F-9A4F-5A3C8EEFD05A} = {F301E834-1488-4307-B94A-092B9655EEE7}
		{8330678B-9BDC-4D6B-B0F6-6142E067C82E} = {64EFC15A-C599-41B6-BD22-144F8468A439}
		{03F711F7-9AC8-439A-BD02-25E8A71A4B98} = {5BD348A4-E85B-4283-AA2A-01967F6F11C2}
		{805B9B7E-5A60-4D97-82ED-63827C035143} = {5BD348A4-E85B-4283-AA2A-01967F6F11C2}
		{CE3DE8E3-1279-4403-A2E6-2DC4876B974B} = {5BD348A4-E85B-4283-AA2A-01967F6F11C2}
		{13362DC4-9FF5-4F03-A005-5FBC83E4F748} = {5BD348A4-E85B-4283-AA2A-01967F6F11C2}
	EndGlobalSection
	GlobalSection(ExtensibilityGlobals) = postSolution
		SolutionGuid = {A9A6ED20-537A-4D69-82C7-53AF50CEAEE8}
	EndGlobalSection
	GlobalSection(SharedMSBuildProjectFiles) = preSolution
		tests\NFluent.Tests.ReportedIssues\NFluent.Tests.ReportedIssues.projitems*{0147471a-18d2-4714-8cda-37da471e0e45}*SharedItemsImports = 13
		tests\NFluent.Tests.Generated\NFluent.Tests.Generated.projitems*{03f711f7-9ac8-439a-bd02-25e8a71a4b98}*SharedItemsImports = 5
		tests\NFluent.Tests\NFluent.Tests.projitems*{03f711f7-9ac8-439a-bd02-25e8a71a4b98}*SharedItemsImports = 5
		tests\NFluent.Tests\NFluent.Tests.projitems*{0425a660-ca7d-43f6-93ab-f72c95d506e3}*SharedItemsImports = 13
		tests\NFluent.Tests.Meta\NFluent.Tests.Meta.projitems*{13362dc4-9ff5-4f03-a005-5fbc83e4f748}*SharedItemsImports = 5
		tests\NFluent.Tests.Extensions\NFluent.Tests.Extensions.projitems*{2b7f0e07-9b42-4bd2-8e30-f90fd78faf1f}*SharedItemsImports = 13
		src\NFluent.Generated\NFluent.Generated.projitems*{37fdae31-560d-40b8-8fa7-7def8a53b370}*SharedItemsImports = 13
		tests\NFluent.Tests.Meta\NFluent.Tests.Meta.projitems*{61d00587-a426-41de-970b-8cdf5c7a0e67}*SharedItemsImports = 13
		tests\NFluent.Tests.Extensions\NFluent.Tests.Extensions.projitems*{805b9b7e-5a60-4d97-82ed-63827c035143}*SharedItemsImports = 5
		src\NFluent.Generated\NFluent.Generated.projitems*{8330678b-9bdc-4d6b-b0f6-6142e067c82e}*SharedItemsImports = 5
		src\NFluent\NFluent.projitems*{8330678b-9bdc-4d6b-b0f6-6142e067c82e}*SharedItemsImports = 5
		tests\NFluent.Tests.Internals\NFluent.Tests.Internals.projitems*{ab38506b-6cd4-47ed-a085-a77e8a5be26c}*SharedItemsImports = 13
		tests\NFluent.Tests.Internals\NFluent.Tests.Internals.projitems*{ce3de8e3-1279-4403-a2e6-2dc4876b974b}*SharedItemsImports = 5
		src\NFluent\NFluent.projitems*{dbfa1137-b129-496a-9201-149f5178747e}*SharedItemsImports = 13
		tests\NFluent.Tests.Generated\NFluent.Tests.Generated.projitems*{e298f1af-a6a7-497c-9a2d-ac15584e1ac1}*SharedItemsImports = 13
		tests\NFluent.Tests.ReportedIssues\NFluent.Tests.ReportedIssues.projitems*{f4872eaa-bf75-47ec-a8ef-7791a0e89b50}*SharedItemsImports = 5
	EndGlobalSection
EndGlobal
